# This file is automatically @generated by Cargo.
# It is not intended for manual editing.
version = 4

[[package]]
name = "gleezy"
version = "0.1.0"
dependencies = [
 "gleezy-lex",
 "gleezy-parse",
]

[[package]]
name = "gleezy-lex"
version = "0.1.0"

[[package]]
name = "gleezy-parse"
version = "0.1.0"
dependencies = [
 "gleezy-lex",
]
